// !$*UTF8*$!
{
	archiveVersion = 1;
	classes = {
	};
	objectVersion = 56;
	objects = {

/* Begin PBXBuildFile section */
		96569334151B47454AFA7BB5 /* ScrollSyncManager.swift in Sources */ = {isa = PBXBuildFile; fileRef = 2093BBDAACB2066E44875F1B /* ScrollSyncManager.swift */; };
		BA003001 /* ManotApp.swift in Sources */ = {isa = PBXBuildFile; fileRef = BA002001 /* ManotApp.swift */; };
		BA003002 /* Folder.swift in Sources */ = {isa = PBXBuildFile; fileRef = BA002002 /* Folder.swift */; };
		BA003003 /* Note.swift in Sources */ = {isa = PBXBuildFile; fileRef = BA002003 /* Note.swift */; };
		BA003004 /* AppCommands.swift in Sources */ = {isa = PBXBuildFile; fileRef = BA002004 /* AppCommands.swift */; };
		BA003005 /* ExportService.swift in Sources */ = {isa = PBXBuildFile; fileRef = BA002005 /* ExportService.swift */; };
		BA003006 /* ContentView.swift in Sources */ = {isa = PBXBuildFile; fileRef = BA002006 /* ContentView.swift */; };
		BA003007 /* EditorView.swift in Sources */ = {isa = PBXBuildFile; fileRef = BA002007 /* EditorView.swift */; };
		BA003008 /* EmptyStateView.swift in Sources */ = {isa = PBXBuildFile; fileRef = BA002008 /* EmptyStateView.swift */; };
		BA003009 /* MarkdownPreviewView.swift in Sources */ = {isa = PBXBuildFile; fileRef = BA002009 /* MarkdownPreviewView.swift */; };
		BA003010 /* SyntaxTextEditor.swift in Sources */ = {isa = PBXBuildFile; fileRef = BA002010 /* SyntaxTextEditor.swift */; };
		BA003011 /* FolderRowView.swift in Sources */ = {isa = PBXBuildFile; fileRef = BA002011 /* FolderRowView.swift */; };
		BA003012 /* NoteRowView.swift in Sources */ = {isa = PBXBuildFile; fileRef = BA002012 /* NoteRowView.swift */; };
		BA003013 /* NoteTransferable.swift in Sources */ = {isa = PBXBuildFile; fileRef = BA002013 /* NoteTransferable.swift */; };
		BA003014 /* SearchResultsView.swift in Sources */ = {isa = PBXBuildFile; fileRef = BA002014 /* SearchResultsView.swift */; };
		BA003015 /* SidebarView.swift in Sources */ = {isa = PBXBuildFile; fileRef = BA002015 /* SidebarView.swift */; };
		BA003016 /* NewItemRow.swift in Sources */ = {isa = PBXBuildFile; fileRef = BA002016 /* NewItemRow.swift */; };
		BA003017 /* FolderTransferable.swift in Sources */ = {isa = PBXBuildFile; fileRef = BA002017 /* FolderTransferable.swift */; };
		BA003018 /* ThemeManager.swift in Sources */ = {isa = PBXBuildFile; fileRef = BA002018 /* ThemeManager.swift */; };
		F17E366B41F0DABDF39498EA /* MarkdownHighlighter.swift in Sources */ = {isa = PBXBuildFile; fileRef = DF1F0F2C55C9227EE983E2CF /* MarkdownHighlighter.swift */; };
		FE87A66A2F6B194800A9E53F /* Markdown in Frameworks */ = {isa = PBXBuildFile; productRef = 6D9A0C2F5E17794A35061AB8 /* Markdown */; };
		FE87A66B2F6B194800A9E53F /* Highlighter in Frameworks */ = {isa = PBXBuildFile; productRef = C0EA8D25EC9B82FF51DB3530 /* Highlighter */; };
/* End PBXBuildFile section */

/* Begin PBXFileReference section */
		2093BBDAACB2066E44875F1B /* ScrollSyncManager.swift */ = {isa = PBXFileReference; includeInIndex = 1; lastKnownFileType = sourcecode.swift; name = ScrollSyncManager.swift; path = Sources/ManotApp/Views/Editor/ScrollSyncManager.swift; sourceTree = SOURCE_ROOT; };
		BA001010 /* ManotApp.app */ = {isa = PBXFileReference; explicitFileType = wrapper.application; includeInIndex = 0; path = ManotApp.app; sourceTree = BUILT_PRODUCTS_DIR; };
		BA001021 /* ManotApp.entitlements */ = {isa = PBXFileReference; lastKnownFileType = text.plist.entitlements; path = ManotApp.entitlements; sourceTree = "<group>"; };
		BA001022 /* Info.plist */ = {isa = PBXFileReference; lastKnownFileType = text.plist.info; path = Info.plist; sourceTree = "<group>"; };
		BA002001 /* ManotApp.swift */ = {isa = PBXFileReference; lastKnownFileType = sourcecode.swift; path = ManotApp.swift; sourceTree = "<group>"; };
		BA002002 /* Folder.swift */ = {isa = PBXFileReference; lastKnownFileType = sourcecode.swift; path = Folder.swift; sourceTree = "<group>"; };
		BA002003 /* Note.swift */ = {isa = PBXFileReference; lastKnownFileType = sourcecode.swift; path = Note.swift; sourceTree = "<group>"; };
		BA002004 /* AppCommands.swift */ = {isa = PBXFileReference; lastKnownFileType = sourcecode.swift; path = AppCommands.swift; sourceTree = "<group>"; };
		BA002005 /* ExportService.swift */ = {isa = PBXFileReference; lastKnownFileType = sourcecode.swift; path = ExportService.swift; sourceTree = "<group>"; };
		BA002006 /* ContentView.swift */ = {isa = PBXFileReference; lastKnownFileType = sourcecode.swift; path = ContentView.swift; sourceTree = "<group>"; };
		BA002007 /* EditorView.swift */ = {isa = PBXFileReference; lastKnownFileType = sourcecode.swift; path = EditorView.swift; sourceTree = "<group>"; };
		BA002008 /* EmptyStateView.swift */ = {isa = PBXFileReference; lastKnownFileType = sourcecode.swift; path = EmptyStateView.swift; sourceTree = "<group>"; };
		BA002009 /* MarkdownPreviewView.swift */ = {isa = PBXFileReference; lastKnownFileType = sourcecode.swift; path = MarkdownPreviewView.swift; sourceTree = "<group>"; };
		BA002010 /* SyntaxTextEditor.swift */ = {isa = PBXFileReference; lastKnownFileType = sourcecode.swift; path = SyntaxTextEditor.swift; sourceTree = "<group>"; };
		BA002011 /* FolderRowView.swift */ = {isa = PBXFileReference; lastKnownFileType = sourcecode.swift; path = FolderRowView.swift; sourceTree = "<group>"; };
		BA002012 /* NoteRowView.swift */ = {isa = PBXFileReference; lastKnownFileType = sourcecode.swift; path = NoteRowView.swift; sourceTree = "<group>"; };
		BA002013 /* NoteTransferable.swift */ = {isa = PBXFileReference; lastKnownFileType = sourcecode.swift; path = NoteTransferable.swift; sourceTree = "<group>"; };
		BA002014 /* SearchResultsView.swift */ = {isa = PBXFileReference; lastKnownFileType = sourcecode.swift; path = SearchResultsView.swift; sourceTree = "<group>"; };
		BA002015 /* SidebarView.swift */ = {isa = PBXFileReference; lastKnownFileType = sourcecode.swift; path = SidebarView.swift; sourceTree = "<group>"; };
		BA002016 /* NewItemRow.swift */ = {isa = PBXFileReference; lastKnownFileType = sourcecode.swift; path = NewItemRow.swift; sourceTree = "<group>"; };
		BA002017 /* FolderTransferable.swift */ = {isa = PBXFileReference; lastKnownFileType = sourcecode.swift; path = FolderTransferable.swift; sourceTree = "<group>"; };
		BA002018 /* ThemeManager.swift */ = {isa = PBXFileReference; lastKnownFileType = sourcecode.swift; path = ThemeManager.swift; sourceTree = "<group>"; };
		CF001001 /* Signing.xcconfig */ = {isa = PBXFileReference; lastKnownFileType = text.xcconfig; name = Signing.xcconfig; path = Configuration/Signing.xcconfig; sourceTree = SOURCE_ROOT; };
		DF1F0F2C55C9227EE983E2CF /* MarkdownHighlighter.swift */ = {isa = PBXFileReference; includeInIndex = 1; lastKnownFileType = sourcecode.swift; path = MarkdownHighlighter.swift; sourceTree = "<group>"; };
/* End PBXFileReference section */

/* Begin PBXFrameworksBuildPhase section */
		BA001013 /* Frameworks */ = {
			isa = PBXFrameworksBuildPhase;
			buildActionMask = 2147483647;
			files = (
				FE87A66B2F6B194800A9E53F /* Highlighter in Frameworks */,
				FE87A66A2F6B194800A9E53F /* Markdown in Frameworks */,
			);
			runOnlyForDeploymentPostprocessing = 0;
		};
/* End PBXFrameworksBuildPhase section */

/* Begin PBXGroup section */
		0396FD3EE26FF9BF927FFF3C /* Views */ = {
			isa = PBXGroup;
			children = (
				738518F724275AD4534FDB70 /* Editor */,
			);
			name = Views;
			sourceTree = "<group>";
		};
		738518F724275AD4534FDB70 /* Editor */ = {
			isa = PBXGroup;
			children = (
				2093BBDAACB2066E44875F1B /* ScrollSyncManager.swift */,
				DF1F0F2C55C9227EE983E2CF /* MarkdownHighlighter.swift */,
			);
			name = Editor;
			path = Sources/ManotApp/Views/Editor;
			sourceTree = "<group>";
		};
		A54027B5224E9B1C381B7C1F /* ManotApp */ = {
			isa = PBXGroup;
			children = (
				0396FD3EE26FF9BF927FFF3C /* Views */,
			);
			name = ManotApp;
			sourceTree = "<group>";
		};
		BA001002 /* ManotApp */ = {
			isa = PBXGroup;
			children = (
				BA001004 /* Sources/ManotApp */,
				BA001021 /* ManotApp.entitlements */,
				BA001022 /* Info.plist */,
				CF001001 /* Signing.xcconfig */,
				BA001003 /* Products */,
				D5F7683D3EFE02A9EFD9BED4 /* Sources */,
			);
			name = ManotApp;
			sourceTree = "<group>";
		};
		BA001003 /* Products */ = {
			isa = PBXGroup;
			children = (
				BA001010 /* ManotApp.app */,
			);
			name = Products;
			sourceTree = "<group>";
		};
		BA001004 /* Sources/ManotApp */ = {
			isa = PBXGroup;
			children = (
				BA002001 /* ManotApp.swift */,
				BA001005 /* Models */,
				BA001006 /* Utilities */,
				BA001007 /* Views */,
			);
			path = Sources/ManotApp;
			sourceTree = "<group>";
		};
		BA001005 /* Models */ = {
			isa = PBXGroup;
			children = (
				BA002002 /* Folder.swift */,
				BA002003 /* Note.swift */,
			);
			path = Models;
			sourceTree = "<group>";
		};
		BA001006 /* Utilities */ = {
			isa = PBXGroup;
			children = (
				BA002004 /* AppCommands.swift */,
				BA002005 /* ExportService.swift */,
				BA002018 /* ThemeManager.swift */,
			);
			path = Utilities;
			sourceTree = "<group>";
		};
		BA001007 /* Views */ = {
			isa = PBXGroup;
			children = (
				BA002006 /* ContentView.swift */,
				BA001008 /* Sidebar */,
				BA001009 /* Editor */,
			);
			path = Views;
			sourceTree = "<group>";
		};
		BA001008 /* Sidebar */ = {
			isa = PBXGroup;
			children = (
				BA002011 /* FolderRowView.swift */,
				BA002012 /* NoteRowView.swift */,
				BA002013 /* NoteTransferable.swift */,
				BA002014 /* SearchResultsView.swift */,
				BA002015 /* SidebarView.swift */,
				BA002016 /* NewItemRow.swift */,
				BA002017 /* FolderTransferable.swift */,
			);
			path = Sidebar;
			sourceTree = "<group>";
		};
		BA001009 /* Editor */ = {
			isa = PBXGroup;
			children = (
				BA002007 /* EditorView.swift */,
				BA002008 /* EmptyStateView.swift */,
				BA002009 /* MarkdownPreviewView.swift */,
				BA002010 /* SyntaxTextEditor.swift */,
			);
			path = Editor;
			sourceTree = "<group>";
		};
		D5F7683D3EFE02A9EFD9BED4 /* Sources */ = {
			isa = PBXGroup;
			children = (
				A54027B5224E9B1C381B7C1F /* ManotApp */,
			);
			name = Sources;
			sourceTree = "<group>";
		};
/* End PBXGroup section */

/* Begin PBXNativeTarget section */
		BA001011 /* ManotApp */ = {
			isa = PBXNativeTarget;
			buildConfigurationList = BA001016 /* Build configuration list for PBXNativeTarget "ManotApp" */;
			buildPhases = (
				BA001012 /* Sources */,
				BA001013 /* Frameworks */,
				BA001014 /* Resources */,
			);
			buildRules = (
			);
			dependencies = (
			);
			name = ManotApp;
			packageProductDependencies = (
				6D9A0C2F5E17794A35061AB8 /* Markdown */,
				C0EA8D25EC9B82FF51DB3530 /* Highlighter */,
			);
			productName = ManotApp;
			productReference = BA001010 /* ManotApp.app */;
			productType = "com.apple.product-type.application";
		};
/* End PBXNativeTarget section */

/* Begin PBXProject section */
		BA001001 /* Project object */ = {
			isa = PBXProject;
			attributes = {
				BuildIndependentTargetsInParallel = 1;
			};
			buildConfigurationList = BA001015 /* Build configuration list for PBXProject "ManotApp" */;
			compatibilityVersion = "Xcode 14.0";
			developmentRegion = en;
			hasScannedForEncodings = 0;
			knownRegions = (
				en,
				Base,
			);
			mainGroup = BA001002 /* ManotApp */;
			packageReferences = (
				8FA89F3DEB3CFF178685377B /* XCRemoteSwiftPackageReference "swift-markdown" */,
				A21CA116083990EA142CF45B /* XCRemoteSwiftPackageReference "HighlighterSwift" */,
			);
			productRefGroup = BA001003 /* Products */;
			projectDirPath = "";
			projectRoot = "";
			targets = (
				BA001011 /* ManotApp */,
			);
		};
/* End PBXProject section */

/* Begin PBXResourcesBuildPhase section */
		BA001014 /* Resources */ = {
			isa = PBXResourcesBuildPhase;
			buildActionMask = 2147483647;
			files = (
			);
			runOnlyForDeploymentPostprocessing = 0;
		};
/* End PBXResourcesBuildPhase section */

/* Begin PBXSourcesBuildPhase section */
		BA001012 /* Sources */ = {
			isa = PBXSourcesBuildPhase;
			buildActionMask = 2147483647;
			files = (
				BA003001 /* ManotApp.swift in Sources */,
				BA003002 /* Folder.swift in Sources */,
				BA003003 /* Note.swift in Sources */,
				BA003004 /* AppCommands.swift in Sources */,
				BA003005 /* ExportService.swift in Sources */,
				BA003006 /* ContentView.swift in Sources */,
				BA003007 /* EditorView.swift in Sources */,
				BA003008 /* EmptyStateView.swift in Sources */,
				BA003009 /* MarkdownPreviewView.swift in Sources */,
				BA003010 /* SyntaxTextEditor.swift in Sources */,
				BA003011 /* FolderRowView.swift in Sources */,
				BA003012 /* NoteRowView.swift in Sources */,
				BA003013 /* NoteTransferable.swift in Sources */,
				BA003014 /* SearchResultsView.swift in Sources */,
				BA003015 /* SidebarView.swift in Sources */,
				BA003016 /* NewItemRow.swift in Sources */,
				BA003017 /* FolderTransferable.swift in Sources */,
				96569334151B47454AFA7BB5 /* ScrollSyncManager.swift in Sources */,
				BA003018 /* ThemeManager.swift in Sources */,
				F17E366B41F0DABDF39498EA /* MarkdownHighlighter.swift in Sources */,
			);
			runOnlyForDeploymentPostprocessing = 0;
		};
/* End PBXSourcesBuildPhase section */

/* Begin XCBuildConfiguration section */
		BA001017 /* Debug */ = {
			isa = XCBuildConfiguration;
			buildSettings = {
				ALWAYS_SEARCH_USER_PATHS = NO;
				CLANG_ANALYZER_NONNULL = YES;
				COPY_PHASE_STRIP = NO;
				DEBUG_INFORMATION_FORMAT = dwarf;
				ENABLE_STRICT_OBJC_MSGSEND = YES;
				GCC_OPTIMIZATION_LEVEL = 0;
				GCC_PREPROCESSOR_DEFINITIONS = (
					"DEBUG=1",
					"$(inherited)",
				);
				MACOSX_DEPLOYMENT_TARGET = 14.0;
				MTL_ENABLE_DEBUG_INFO = INCLUDE_SOURCE;
				ONLY_ACTIVE_ARCH = YES;
				SDKROOT = macosx;
				SUPPORTS_MACCATALYST = NO;
				SUPPORTS_MAC_DESIGNED_FOR_IPHONE_IPAD = NO;
				SWIFT_ACTIVE_COMPILATION_CONDITIONS = DEBUG;
				SWIFT_OPTIMIZATION_LEVEL = "-Onone";
			};
			name = Debug;
		};
		BA001018 /* Release */ = {
			isa = XCBuildConfiguration;
			buildSettings = {
				ALWAYS_SEARCH_USER_PATHS = NO;
				CLANG_ANALYZER_NONNULL = YES;
				COPY_PHASE_STRIP = NO;
				DEBUG_INFORMATION_FORMAT = "dwarf-with-dsym";
				ENABLE_STRICT_OBJC_MSGSEND = YES;
				GCC_OPTIMIZATION_LEVEL = s;
				MACOSX_DEPLOYMENT_TARGET = 14.0;
				MTL_ENABLE_DEBUG_INFO = NO;
				SDKROOT = macosx;
				SUPPORTS_MACCATALYST = NO;
				SUPPORTS_MAC_DESIGNED_FOR_IPHONE_IPAD = NO;
				SWIFT_COMPILATION_MODE = wholemodule;
				SWIFT_OPTIMIZATION_LEVEL = "-O";
			};
			name = Release;
		};
		BA001019 /* Debug */ = {
			isa = XCBuildConfiguration;
			baseConfigurationReference = CF001001 /* Signing.xcconfig */;
			buildSettings = {
				CODE_SIGN_ENTITLEMENTS = ManotApp.entitlements;
				CODE_SIGN_STYLE = Automatic;
				COMBINE_HIDPI_IMAGES = YES;
				CURRENT_PROJECT_VERSION = 100001;
				INFOPLIST_FILE = Info.plist;
				INFOPLIST_KEY_CFBundleDisplayName = Manot;
				INFOPLIST_KEY_LSApplicationCategoryType = "public.app-category.productivity";
				MACOSX_DEPLOYMENT_TARGET = 14.0;
				MARKETING_VERSION = 1.0.0;
				PRODUCT_BUNDLE_IDENTIFIER = com.manot.app;
				PRODUCT_NAME = "$(TARGET_NAME)";
				SDKROOT = macosx;
				SUPPORTS_MACCATALYST = NO;
				SUPPORTS_MAC_DESIGNED_FOR_IPHONE_IPAD = NO;
				SWIFT_EMIT_LOC_STRINGS = YES;
				SWIFT_OPTIMIZATION_LEVEL = "-Onone";
				SWIFT_VERSION = 6.0;
			};
			name = Debug;
		};
		BA001020 /* Release */ = {
			isa = XCBuildConfiguration;
			baseConfigurationReference = CF001001 /* Signing.xcconfig */;
			buildSettings = {
				CODE_SIGN_ENTITLEMENTS = ManotApp.entitlements;
				CODE_SIGN_STYLE = Automatic;
				COMBINE_HIDPI_IMAGES = YES;
				CURRENT_PROJECT_VERSION = 100001;
				INFOPLIST_FILE = Info.plist;
				INFOPLIST_KEY_CFBundleDisplayName = Manot;
				INFOPLIST_KEY_LSApplicationCategoryType = "public.app-category.productivity";
				MACOSX_DEPLOYMENT_TARGET = 14.0;
				MARKETING_VERSION = 1.0.0;
				PRODUCT_BUNDLE_IDENTIFIER = com.manot.app;
				PRODUCT_NAME = "$(TARGET_NAME)";
				SDKROOT = macosx;
				SUPPORTS_MACCATALYST = NO;
				SUPPORTS_MAC_DESIGNED_FOR_IPHONE_IPAD = NO;
				SWIFT_COMPILATION_MODE = wholemodule;
				SWIFT_EMIT_LOC_STRINGS = YES;
				SWIFT_OPTIMIZATION_LEVEL = "-O";
				SWIFT_VERSION = 6.0;
			};
			name = Release;
		};
/* End XCBuildConfiguration section */

/* Begin XCConfigurationList section */
		BA001015 /* Build configuration list for PBXProject "ManotApp" */ = {
			isa = XCConfigurationList;
			buildConfigurations = (
				BA001017 /* Debug */,
				BA001018 /* Release */,
			);
			defaultConfigurationIsVisible = 0;
			defaultConfigurationName = Release;
		};
		BA001016 /* Build configuration list for PBXNativeTarget "ManotApp" */ = {
			isa = XCConfigurationList;
			buildConfigurations = (
				BA001019 /* Debug */,
				BA001020 /* Release */,
			);
			defaultConfigurationIsVisible = 0;
			defaultConfigurationName = Release;
		};
/* End XCConfigurationList section */

/* Begin XCRemoteSwiftPackageReference section */
		8FA89F3DEB3CFF178685377B /* XCRemoteSwiftPackageReference "swift-markdown" */ = {
			isa = XCRemoteSwiftPackageReference;
			repositoryURL = "https://github.com/swiftlang/swift-markdown.git";
			requirement = {
				branch = main;
				kind = branch;
			};
		};
		A21CA116083990EA142CF45B /* XCRemoteSwiftPackageReference "HighlighterSwift" */ = {
			isa = XCRemoteSwiftPackageReference;
			repositoryURL = "https://github.com/smittytone/HighlighterSwift.git";
			requirement = {
				kind = upToNextMajorVersion;
				minimumVersion = 2.0.0;
			};
		};
/* End XCRemoteSwiftPackageReference section */

/* Begin XCSwiftPackageProductDependency section */
		6D9A0C2F5E17794A35061AB8 /* Markdown */ = {
			isa = XCSwiftPackageProductDependency;
			package = 8FA89F3DEB3CFF178685377B /* XCRemoteSwiftPackageReference "swift-markdown" */;
			productName = Markdown;
		};
		C0EA8D25EC9B82FF51DB3530 /* Highlighter */ = {
			isa = XCSwiftPackageProductDependency;
			package = A21CA116083990EA142CF45B /* XCRemoteSwiftPackageReference "HighlighterSwift" */;
			productName = Highlighter;
		};
/* End XCSwiftPackageProductDependency section */
	};
	rootObject = BA001001 /* Project object */;
}
